// !$*UTF8*$!
{
	archiveVersion = 1;
	classes = {
	};
	objectVersion = 55;
	objects = {

/* Begin PBXBuildFile section */
		810D25A7277A8BF500700475 /* GoogleService-Info.plist in Resources */ = {isa = PBXBuildFile; fileRef = 810D25A6277A8BF500700475 /* GoogleService-Info.plist */; };
		810D25A9277A906000700475 /* RemoteConfigDefaults.plist in Resources */ = {isa = PBXBuildFile; fileRef = 810D25A8277A906000700475 /* RemoteConfigDefaults.plist */; };
		810DC9EE277A69E300811757 /* NoticeViewController.swift in Sources */ = {isa = PBXBuildFile; fileRef = 810DC9EC277A69E300811757 /* NoticeViewController.swift */; };
		810DC9EF277A69E300811757 /* NoticeViewController.xib in Resources */ = {isa = PBXBuildFile; fileRef = 810DC9ED277A69E300811757 /* NoticeViewController.xib */; };
		81214262EFA8CCDEF236B68E /* Pods_remote_config_a_b_testing.framework in Frameworks */ = {isa = PBXBuildFile; fileRef = 908EEA26326DC72E6BE01AD6 /* Pods_remote_config_a_b_testing.framework */; };
		819D1D22277A6796005133F1 /* AppDelegate.swift in Sources */ = {isa = PBXBuildFile; fileRef = 819D1D21277A6796005133F1 /* AppDelegate.swift */; };
		819D1D24277A6796005133F1 /* SceneDelegate.swift in Sources */ = {isa = PBXBuildFile; fileRef = 819D1D23277A6796005133F1 /* SceneDelegate.swift */; };
		819D1D26277A6796005133F1 /* ViewController.swift in Sources */ = {isa = PBXBuildFile; fileRef = 819D1D25277A6796005133F1 /* ViewController.swift */; };
		819D1D29277A6796005133F1 /* Main.storyboard in Resources */ = {isa = PBXBuildFile; fileRef = 819D1D27277A6796005133F1 /* Main.storyboard */; };
		819D1D2B277A6798005133F1 /* Assets.xcassets in Resources */ = {isa = PBXBuildFile; fileRef = 819D1D2A277A6798005133F1 /* Assets.xcassets */; };
		819D1D2E277A6798005133F1 /* LaunchScreen.storyboard in Resources */ = {isa = PBXBuildFile; fileRef = 819D1D2C277A6798005133F1 /* LaunchScreen.storyboard */; };
/* End PBXBuildFile section */

/* Begin PBXFileReference section */
		0CB6906D9D85E0FA21144B97 /* Pods-remote-config-a_b-testing.debug.xcconfig */ = {isa = PBXFileReference; includeInIndex = 1; lastKnownFileType = text.xcconfig; name = "Pods-remote-config-a_b-testing.debug.xcconfig"; path = "Target Support Files/Pods-remote-config-a_b-testing/Pods-remote-config-a_b-testing.debug.xcconfig"; sourceTree = "<group>"; };
		810D25A6277A8BF500700475 /* GoogleService-Info.plist */ = {isa = PBXFileReference; fileEncoding = 4; lastKnownFileType = text.plist.xml; path = "GoogleService-Info.plist"; sourceTree = "<group>"; };
		810D25A8277A906000700475 /* RemoteConfigDefaults.plist */ = {isa = PBXFileReference; lastKnownFileType = text.plist.xml; path = RemoteConfigDefaults.plist; sourceTree = "<group>"; };
		810DC9EC277A69E300811757 /* NoticeViewController.swift */ = {isa = PBXFileReference; lastKnownFileType = sourcecode.swift; path = NoticeViewController.swift; sourceTree = "<group>"; };
		810DC9ED277A69E300811757 /* NoticeViewController.xib */ = {isa = PBXFileReference; lastKnownFileType = file.xib; path = NoticeViewController.xib; sourceTree = "<group>"; };
		819D1D1E277A6796005133F1 /* remote-config-a_b-testing.app */ = {isa = PBXFileReference; explicitFileType = wrapper.application; includeInIndex = 0; path = "remote-config-a_b-testing.app"; sourceTree = BUILT_PRODUCTS_DIR; };
		819D1D21277A6796005133F1 /* AppDelegate.swift */ = {isa = PBXFileReference; lastKnownFileType = sourcecode.swift; path = AppDelegate.swift; sourceTree = "<group>"; };
		819D1D23277A6796005133F1 /* SceneDelegate.swift */ = {isa = PBXFileReference; lastKnownFileType = sourcecode.swift; path = SceneDelegate.swift; sourceTree = "<group>"; };
		819D1D25277A6796005133F1 /* ViewController.swift */ = {isa = PBXFileReference; lastKnownFileType = sourcecode.swift; path = ViewController.swift; sourceTree = "<group>"; };
		819D1D28277A6796005133F1 /* Base */ = {isa = PBXFileReference; lastKnownFileType = file.storyboard; name = Base; path = Base.lproj/Main.storyboard; sourceTree = "<group>"; };
		819D1D2A277A6798005133F1 /* Assets.xcassets */ = {isa = PBXFileReference; lastKnownFileType = folder.assetcatalog; path = Assets.xcassets; sourceTree = "<group>"; };
		819D1D2D277A6798005133F1 /* Base */ = {isa = PBXFileReference; lastKnownFileType = file.storyboard; name = Base; path = Base.lproj/LaunchScreen.storyboard; sourceTree = "<group>"; };
		819D1D2F277A6798005133F1 /* Info.plist */ = {isa = PBXFileReference; lastKnownFileType = text.plist.xml; path = Info.plist; sourceTree = "<group>"; };
		908EEA26326DC72E6BE01AD6 /* Pods_remote_config_a_b_testing.framework */ = {isa = PBXFileReference; explicitFileType = wrapper.framework; includeInIndex = 0; path = Pods_remote_config_a_b_testing.framework; sourceTree = BUILT_PRODUCTS_DIR; };
		D0F580E4F69C63574E47CACA /* Pods-remote-config-a_b-testing.release.xcconfig */ = {isa = PBXFileReference; includeInIndex = 1; lastKnownFileType = text.xcconfig; name = "Pods-remote-config-a_b-testing.release.xcconfig"; path = "Target Support Files/Pods-remote-config-a_b-testing/Pods-remote-config-a_b-testing.release.xcconfig"; sourceTree = "<group>"; };
/* End PBXFileReference section */

/* Begin PBXFrameworksBuildPhase section */
		819D1D1B277A6796005133F1 /* Frameworks */ = {
			isa = PBXFrameworksBuildPhase;
			buildActionMask = 2147483647;
			files = (
				81214262EFA8CCDEF236B68E /* Pods_remote_config_a_b_testing.framework in Frameworks */,
			);
			runOnlyForDeploymentPostprocessing = 0;
		};
/* End PBXFrameworksBuildPhase section */

/* Begin PBXGroup section */
		2529767685E000D6F4416B9C /* Pods */ = {
			isa = PBXGroup;
			children = (
				0CB6906D9D85E0FA21144B97 /* Pods-remote-config-a_b-testing.debug.xcconfig */,
				D0F580E4F69C63574E47CACA /* Pods-remote-config-a_b-testing.release.xcconfig */,
			);
			path = Pods;
			sourceTree = "<group>";
		};
		819D1D15277A6796005133F1 = {
			isa = PBXGroup;
			children = (
				819D1D20277A6796005133F1 /* remote-config-a_b-testing */,
				819D1D1F277A6796005133F1 /* Products */,
				2529767685E000D6F4416B9C /* Pods */,
				DBA82191BBD8951F86C93B01 /* Frameworks */,
			);
			sourceTree = "<group>";
		};
		819D1D1F277A6796005133F1 /* Products */ = {
			isa = PBXGroup;
			children = (
				819D1D1E277A6796005133F1 /* remote-config-a_b-testing.app */,
			);
			name = Products;
			sourceTree = "<group>";
		};
		819D1D20277A6796005133F1 /* remote-config-a_b-testing */ = {
			isa = PBXGroup;
			children = (
				819D1D21277A6796005133F1 /* AppDelegate.swift */,
				819D1D23277A6796005133F1 /* SceneDelegate.swift */,
				819D1D25277A6796005133F1 /* ViewController.swift */,
				810D25A8277A906000700475 /* RemoteConfigDefaults.plist */,
				819D1D27277A6796005133F1 /* Main.storyboard */,
				819D1D2A277A6798005133F1 /* Assets.xcassets */,
				819D1D2C277A6798005133F1 /* LaunchScreen.storyboard */,
				810DC9EC277A69E300811757 /* NoticeViewController.swift */,
				810DC9ED277A69E300811757 /* NoticeViewController.xib */,
				819D1D2F277A6798005133F1 /* Info.plist */,
				810D25A6277A8BF500700475 /* GoogleService-Info.plist */,
			);
			path = "remote-config-a_b-testing";
			sourceTree = "<group>";
		};
		DBA82191BBD8951F86C93B01 /* Frameworks */ = {
			isa = PBXGroup;
			children = (
				908EEA26326DC72E6BE01AD6 /* Pods_remote_config_a_b_testing.framework */,
			);
			name = Frameworks;
			sourceTree = "<group>";
		};
/* End PBXGroup section */

/* Begin PBXNativeTarget section */
		819D1D1D277A6796005133F1 /* remote-config-a_b-testing */ = {
			isa = PBXNativeTarget;
			buildConfigurationList = 819D1D32277A6798005133F1 /* Build configuration list for PBXNativeTarget "remote-config-a_b-testing" */;
			buildPhases = (
				53C0A3CB31325228AC64FB83 /* [CP] Check Pods Manifest.lock */,
				819D1D1A277A6796005133F1 /* Sources */,
				819D1D1B277A6796005133F1 /* Frameworks */,
				819D1D1C277A6796005133F1 /* Resources */,
				B957AFFABD6041188CF5BEC1 /* [CP] Embed Pods Frameworks */,
			);
			buildRules = (
			);
			dependencies = (
			);
			name = "remote-config-a_b-testing";
			productName = "remote-config-a_b-testing";
			productReference = 819D1D1E277A6796005133F1 /* remote-config-a_b-testing.app */;
			productType = "com.apple.product-type.application";
		};
/* End PBXNativeTarget section */

/* Begin PBXProject section */
		819D1D16277A6796005133F1 /* Project object */ = {
			isa = PBXProject;
			attributes = {
				BuildIndependentTargetsInParallel = 1;
				LastSwiftUpdateCheck = 1320;
				LastUpgradeCheck = 1320;
				TargetAttributes = {
					819D1D1D277A6796005133F1 = {
						CreatedOnToolsVersion = 13.2.1;
					};
				};
			};
			buildConfigurationList = 819D1D19277A6796005133F1 /* Build configuration list for PBXProject "remote-config-a_b-testing" */;
			compatibilityVersion = "Xcode 13.0";
			developmentRegion = en;
			hasScannedForEncodings = 0;
			knownRegions = (
				en,
				Base,
			);
			mainGroup = 819D1D15277A6796005133F1;
			productRefGroup = 819D1D1F277A6796005133F1 /* Products */;
			projectDirPath = "";
			projectRoot = "";
			targets = (
				819D1D1D277A6796005133F1 /* remote-config-a_b-testing */,
			);
		};
/* End PBXProject section */

/* Begin PBXResourcesBuildPhase section */
		819D1D1C277A6796005133F1 /* Resources */ = {
			isa = PBXResourcesBuildPhase;
			buildActionMask = 2147483647;
			files = (
				810D25A9277A906000700475 /* RemoteConfigDefaults.plist in Resources */,
				819D1D2E277A6798005133F1 /* LaunchScreen.storyboard in Resources */,
				819D1D2B277A6798005133F1 /* Assets.xcassets in Resources */,
				810D25A7277A8BF500700475 /* GoogleService-Info.plist in Resources */,
				810DC9EF277A69E300811757 /* NoticeViewController.xib in Resources */,
				819D1D29277A6796005133F1 /* Main.storyboard in Resources */,
			);
			runOnlyForDeploymentPostprocessing = 0;
		};
/* End PBXResourcesBuildPhase section */

/* Begin PBXShellScriptBuildPhase section */
		53C0A3CB31325228AC64FB83 /* [CP] Check Pods Manifest.lock */ = {
			isa = PBXShellScriptBuildPhase;
			buildActionMask = 2147483647;
			files = (
			);
			inputFileListPaths = (
			);
			inputPaths = (
				"${PODS_PODFILE_DIR_PATH}/Podfile.lock",
				"${PODS_ROOT}/Manifest.lock",
			);
			name = "[CP] Check Pods Manifest.lock";
			outputFileListPaths = (
			);
			outputPaths = (
				"$(DERIVED_FILE_DIR)/Pods-remote-config-a_b-testing-checkManifestLockResult.txt",
			);
			runOnlyForDeploymentPostprocessing = 0;
			shellPath = /bin/sh;
			shellScript = "diff \"${PODS_PODFILE_DIR_PATH}/Podfile.lock\" \"${PODS_ROOT}/Manifest.lock\" > /dev/null\nif [ $? != 0 ] ; then\n    # print error to STDERR\n    echo \"error: The sandbox is not in sync with the Podfile.lock. Run 'pod install' or update your CocoaPods installation.\" >&2\n    exit 1\nfi\n# This output is used by Xcode 'outputs' to avoid re-running this script phase.\necho \"SUCCESS\" > \"${SCRIPT_OUTPUT_FILE_0}\"\n";
			showEnvVarsInLog = 0;
		};
		B957AFFABD6041188CF5BEC1 /* [CP] Embed Pods Frameworks */ = {
			isa = PBXShellScriptBuildPhase;
			buildActionMask = 2147483647;
			files = (
			);
			inputFileListPaths = (
				"${PODS_ROOT}/Target Support Files/Pods-remote-config-a_b-testing/Pods-remote-config-a_b-testing-frameworks-${CONFIGURATION}-input-files.xcfilelist",
			);
			name = "[CP] Embed Pods Frameworks";
			outputFileListPaths = (
				"${PODS_ROOT}/Target Support Files/Pods-remote-config-a_b-testing/Pods-remote-config-a_b-testing-frameworks-${CONFIGURATION}-output-files.xcfilelist",
			);
			runOnlyForDeploymentPostprocessing = 0;
			shellPath = /bin/sh;
			shellScript = "\"${PODS_ROOT}/Target Support Files/Pods-remote-config-a_b-testing/Pods-remote-config-a_b-testing-frameworks.sh\"\n";
			showEnvVarsInLog = 0;
		};
/* End PBXShellScriptBuildPhase section */

/* Begin PBXSourcesBuildPhase section */
		819D1D1A277A6796005133F1 /* Sources */ = {
			isa = PBXSourcesBuildPhase;
			buildActionMask = 2147483647;
			files = (
				819D1D26277A6796005133F1 /* ViewController.swift in Sources */,
				819D1D22277A6796005133F1 /* AppDelegate.swift in Sources */,
				810DC9EE277A69E300811757 /* NoticeViewController.swift in Sources */,
				819D1D24277A6796005133F1 /* SceneDelegate.swift in Sources */,
			);
			runOnlyForDeploymentPostprocessing = 0;
		};
/* End PBXSourcesBuildPhase section */

/* Begin PBXVariantGroup section */
		819D1D27277A6796005133F1 /* Main.storyboard */ = {
			isa = PBXVariantGroup;
			children = (
				819D1D28277A6796005133F1 /* Base */,
			);
			name = Main.storyboard;
			sourceTree = "<group>";
		};
		819D1D2C277A6798005133F1 /* LaunchScreen.storyboard */ = {
			isa = PBXVariantGroup;
			children = (
				819D1D2D277A6798005133F1 /* Base */,
			);
			name = LaunchScreen.storyboard;
			sourceTree = "<group>";
		};
/* End PBXVariantGroup section */

/* Begin XCBuildConfiguration section */
		819D1D30277A6798005133F1 /* Debug */ = {
			isa = XCBuildConfiguration;
			buildSettings = {
				ALWAYS_SEARCH_USER_PATHS = NO;
				CLANG_ANALYZER_NONNULL = YES;
				CLANG_ANALYZER_NUMBER_OBJECT_CONVERSION = YES_AGGRESSIVE;
				CLANG_CXX_LANGUAGE_STANDARD = "gnu++17";
				CLANG_CXX_LIBRARY = "libc++";
				CLANG_ENABLE_MODULES = YES;
				CLANG_ENABLE_OBJC_ARC = YES;
				CLANG_ENABLE_OBJC_WEAK = YES;
				CLANG_WARN_BLOCK_CAPTURE_AUTORELEASING = YES;
				CLANG_WARN_BOOL_CONVERSION = YES;
				CLANG_WARN_COMMA = YES;
				CLANG_WARN_CONSTANT_CONVERSION = YES;
				CLANG_WARN_DEPRECATED_OBJC_IMPLEMENTATIONS = YES;
				CLANG_WARN_DIRECT_OBJC_ISA_USAGE = YES_ERROR;
				CLANG_WARN_DOCUMENTATION_COMMENTS = YES;
				CLANG_WARN_EMPTY_BODY = YES;
				CLANG_WARN_ENUM_CONVERSION = YES;
				CLANG_WARN_INFINITE_RECURSION = YES;
				CLANG_WARN_INT_CONVERSION = YES;
				CLANG_WARN_NON_LITERAL_NULL_CONVERSION = YES;
				CLANG_WARN_OBJC_IMPLICIT_RETAIN_SELF = YES;
				CLANG_WARN_OBJC_LITERAL_CONVERSION = YES;
				CLANG_WARN_OBJC_ROOT_CLASS = YES_ERROR;
				CLANG_WARN_QUOTED_INCLUDE_IN_FRAMEWORK_HEADER = YES;
				CLANG_WARN_RANGE_LOOP_ANALYSIS = YES;
				CLANG_WARN_STRICT_PROTOTYPES = YES;
				CLANG_WARN_SUSPICIOUS_MOVE = YES;
				CLANG_WARN_UNGUARDED_AVAILABILITY = YES_AGGRESSIVE;
				CLANG_WARN_UNREACHABLE_CODE = YES;
				CLANG_WARN__DUPLICATE_METHOD_MATCH = YES;
				COPY_PHASE_STRIP = NO;
				DEBUG_INFORMATION_FORMAT = dwarf;
				ENABLE_STRICT_OBJC_MSGSEND = YES;
				ENABLE_TESTABILITY = YES;
				GCC_C_LANGUAGE_STANDARD = gnu11;
				GCC_DYNAMIC_NO_PIC = NO;
				GCC_NO_COMMON_BLOCKS = YES;
				GCC_OPTIMIZATION_LEVEL = 0;
				GCC_PREPROCESSOR_DEFINITIONS = (
					"DEBUG=1",
					"$(inherited)",
				);
				GCC_WARN_64_TO_32_BIT_CONVERSION = YES;
				GCC_WARN_ABOUT_RETURN_TYPE = YES_ERROR;
				GCC_WARN_UNDECLARED_SELECTOR = YES;
				GCC_WARN_UNINITIALIZED_AUTOS = YES_AGGRESSIVE;
				GCC_WARN_UNUSED_FUNCTION = YES;
				GCC_WARN_UNUSED_VARIABLE = YES;
				IPHONEOS_DEPLOYMENT_TARGET = 15.2;
				MTL_ENABLE_DEBUG_INFO = INCLUDE_SOURCE;
				MTL_FAST_MATH = YES;
				ONLY_ACTIVE_ARCH = YES;
				SDKROOT = iphoneos;
				SWIFT_ACTIVE_COMPILATION_CONDITIONS = DEBUG;
				SWIFT_OPTIMIZATION_LEVEL = "-Onone";
			};
			name = Debug;
		};
		819D1D31277A6798005133F1 /* Release */ = {
			isa = XCBuildConfiguration;
			buildSettings = {
				ALWAYS_SEARCH_USER_PATHS = NO;
				CLANG_ANALYZER_NONNULL = YES;
				CLANG_ANALYZER_NUMBER_OBJECT_CONVERSION = YES_AGGRESSIVE;
				CLANG_CXX_LANGUAGE_STANDARD = "gnu++17";
				CLANG_CXX_LIBRARY = "libc++";
				CLANG_ENABLE_MODULES = YES;
				CLANG_ENABLE_OBJC_ARC = YES;
				CLANG_ENABLE_OBJC_WEAK = YES;
				CLANG_WARN_BLOCK_CAPTURE_AUTORELEASING = YES;
				CLANG_WARN_BOOL_CONVERSION = YES;
				CLANG_WARN_COMMA = YES;
				CLANG_WARN_CONSTANT_CONVERSION = YES;
				CLANG_WARN_DEPRECATED_OBJC_IMPLEMENTATIONS = YES;
				CLANG_WARN_DIRECT_OBJC_ISA_USAGE = YES_ERROR;
				CLANG_WARN_DOCUMENTATION_COMMENTS = YES;
				CLANG_WARN_EMPTY_BODY = YES;
				CLANG_WARN_ENUM_CONVERSION = YES;
				CLANG_WARN_INFINITE_RECURSION = YES;
				CLANG_WARN_INT_CONVERSION = YES;
				CLANG_WARN_NON_LITERAL_NULL_CONVERSION = YES;
				CLANG_WARN_OBJC_IMPLICIT_RETAIN_SELF = YES;
				CLANG_WARN_OBJC_LITERAL_CONVERSION = YES;
				CLANG_WARN_OBJC_ROOT_CLASS = YES_ERROR;
				CLANG_WARN_QUOTED_INCLUDE_IN_FRAMEWORK_HEADER = YES;
				CLANG_WARN_RANGE_LOOP_ANALYSIS = YES;
				CLANG_WARN_STRICT_PROTOTYPES = YES;
				CLANG_WARN_SUSPICIOUS_MOVE = YES;
				CLANG_WARN_UNGUARDED_AVAILABILITY = YES_AGGRESSIVE;
				CLANG_WARN_UNREACHABLE_CODE = YES;
				CLANG_WARN__DUPLICATE_METHOD_MATCH = YES;
				COPY_PHASE_STRIP = NO;
				DEBUG_INFORMATION_FORMAT = "dwarf-with-dsym";
				ENABLE_NS_ASSERTIONS = NO;
				ENABLE_STRICT_OBJC_MSGSEND = YES;
				GCC_C_LANGUAGE_STANDARD = gnu11;
				GCC_NO_COMMON_BLOCKS = YES;
				GCC_WARN_64_TO_32_BIT_CONVERSION = YES;
				GCC_WARN_ABOUT_RETURN_TYPE = YES_ERROR;
				GCC_WARN_UNDECLARED_SELECTOR = YES;
				GCC_WARN_UNINITIALIZED_AUTOS = YES_AGGRESSIVE;
				GCC_WARN_UNUSED_FUNCTION = YES;
				GCC_WARN_UNUSED_VARIABLE = YES;
				IPHONEOS_DEPLOYMENT_TARGET = 15.2;
				MTL_ENABLE_DEBUG_INFO = NO;
				MTL_FAST_MATH = YES;
				SDKROOT = iphoneos;
				SWIFT_COMPILATION_MODE = wholemodule;
				SWIFT_OPTIMIZATION_LEVEL = "-O";
				VALIDATE_PRODUCT = YES;
			};
			name = Release;
		};
		819D1D33277A6798005133F1 /* Debug */ = {
			isa = XCBuildConfiguration;
			baseConfigurationReference = 0CB6906D9D85E0FA21144B97 /* Pods-remote-config-a_b-testing.debug.xcconfig */;
			buildSettings = {
				ASSETCATALOG_COMPILER_APPICON_NAME = AppIcon;
				ASSETCATALOG_COMPILER_GLOBAL_ACCENT_COLOR_NAME = AccentColor;
				CODE_SIGN_STYLE = Automatic;
				CURRENT_PROJECT_VERSION = 1;
				DEVELOPMENT_TEAM = M63L6X73D4;
				GENERATE_INFOPLIST_FILE = YES;
				INFOPLIST_FILE = "remote-config-a_b-testing/Info.plist";
				INFOPLIST_KEY_UIApplicationSupportsIndirectInputEvents = YES;
				INFOPLIST_KEY_UILaunchStoryboardName = LaunchScreen;
				INFOPLIST_KEY_UIMainStoryboardFile = Main;
				INFOPLIST_KEY_UISupportedInterfaceOrientations = UIInterfaceOrientationPortrait;
				INFOPLIST_KEY_UISupportedInterfaceOrientations_iPad = "UIInterfaceOrientationPortrait UIInterfaceOrientationPortraitUpsideDown UIInterfaceOrientationLandscapeLeft UIInterfaceOrientationLandscapeRight";
				INFOPLIST_KEY_UISupportedInterfaceOrientations_iPhone = "UIInterfaceOrientationPortrait UIInterfaceOrientationLandscapeLeft UIInterfaceOrientationLandscapeRight";
				LD_RUNPATH_SEARCH_PATHS = (
					"$(inherited)",
					"@executable_path/Frameworks",
				);
				MARKETING_VERSION = 1.0;
				PRODUCT_BUNDLE_IDENTIFIER = "info.jacobko.remote-config-a-b-testing";
				PRODUCT_NAME = "$(TARGET_NAME)";
				SWIFT_EMIT_LOC_STRINGS = YES;
				SWIFT_VERSION = 5.0;
				TARGETED_DEVICE_FAMILY = 1;
			};
			name = Debug;
		};
		819D1D34277A6798005133F1 /* Release */ = {
			isa = XCBuildConfiguration;
			baseConfigurationReference = D0F580E4F69C63574E47CACA /* Pods-remote-config-a_b-testing.release.xcconfig */;
			buildSettings = {
				ASSETCATALOG_COMPILER_APPICON_NAME = AppIcon;
				ASSETCATALOG_COMPILER_GLOBAL_ACCENT_COLOR_NAME = AccentColor;
				CODE_SIGN_STYLE = Automatic;
				CURRENT_PROJECT_VERSION = 1;
				DEVELOPMENT_TEAM = M63L6X73D4;
				GENERATE_INFOPLIST_FILE = YES;
				INFOPLIST_FILE = "remote-config-a_b-testing/Info.plist";
				INFOPLIST_KEY_UIApplicationSupportsIndirectInputEvents = YES;
				INFOPLIST_KEY_UILaunchStoryboardName = LaunchScreen;
				INFOPLIST_KEY_UIMainStoryboardFile = Main;
				INFOPLIST_KEY_UISupportedInterfaceOrientations = UIInterfaceOrientationPortrait;
				INFOPLIST_KEY_UISupportedInterfaceOrientations_iPad = "UIInterfaceOrientationPortrait UIInterfaceOrientationPortraitUpsideDown UIInterfaceOrientationLandscapeLeft UIInterfaceOrientationLandscapeRight";
				INFOPLIST_KEY_UISupportedInterfaceOrientations_iPhone = "UIInterfaceOrientationPortrait UIInterfaceOrientationLandscapeLeft UIInterfaceOrientationLandscapeRight";
				LD_RUNPATH_SEARCH_PATHS = (
					"$(inherited)",
					"@executable_path/Frameworks",
				);
				MARKETING_VERSION = 1.0;
				PRODUCT_BUNDLE_IDENTIFIER = "info.jacobko.remote-config-a-b-testing";
				PRODUCT_NAME = "$(TARGET_NAME)";
				SWIFT_EMIT_LOC_STRINGS = YES;
				SWIFT_VERSION = 5.0;
				TARGETED_DEVICE_FAMILY = 1;
			};
			name = Release;
		};
/* End XCBuildConfiguration section */

/* Begin XCConfigurationList section */
		819D1D19277A6796005133F1 /* Build configuration list for PBXProject "remote-config-a_b-testing" */ = {
			isa = XCConfigurationList;
			buildConfigurations = (
				819D1D30277A6798005133F1 /* Debug */,
				819D1D31277A6798005133F1 /* Release */,
			);
			defaultConfigurationIsVisible = 0;
			defaultConfigurationName = Release;
		};
		819D1D32277A6798005133F1 /* Build configuration list for PBXNativeTarget "remote-config-a_b-testing" */ = {
			isa = XCConfigurationList;
			buildConfigurations = (
				819D1D33277A6798005133F1 /* Debug */,
				819D1D34277A6798005133F1 /* Release */,
			);
			defaultConfigurationIsVisible = 0;
			defaultConfigurationName = Release;
		};
/* End XCConfigurationList section */
	};
	rootObject = 819D1D16277A6796005133F1 /* Project object */;
}
